
Microsoft Visual Studio Solution File, Format Version 12.00
# Visual Studio 15
VisualStudioVersion = 15.0.26403.7
MinimumVisualStudioVersion = 10.0.40219.1
Project("{FAE04EC0-301F-11D3-BF4B-00C04F79EFBC}") = "RabbitMQ_Producer", "RabbitMQ_Producer\RabbitMQ_Producer.csproj", "{9DED777D-715A-4A66-86C1-08D9B3F0B25A}"
EndProject
Project("{FAE04EC0-301F-11D3-BF4B-00C04F79EFBC}") = "RabbitMQ_Consumer", "RabbitMQ_Consumer\RabbitMQ_Consumer.csproj", "{CFD62440-D607-4C9C-8F0D-E291CC486FFF}"
EndProject
Project("{FAE04EC0-301F-11D3-BF4B-00C04F79EFBC}") = "Commons", "Commons\Commons.csproj", "{5AB31A19-D078-4E0A-BF9F-02ED1085D2E1}"
EndProject
Global
	GlobalSection(SolutionConfigurationPlatforms) = preSolution
		Debug|Any CPU = Debug|Any CPU
		Release|Any CPU = Release|Any CPU
	EndGlobalSection
	GlobalSection(ProjectConfigurationPlatforms) = postSolution
		{9DED777D-715A-4A66-86C1-08D9B3F0B25A}.Debug|Any CPU.ActiveCfg = Debug|Any CPU
		{9DED777D-715A-4A66-86C1-08D9B3F0B25A}.Debug|Any CPU.Build.0 = Debug|Any CPU
		{9DED777D-715A-4A66-86C1-08D9B3F0B25A}.Release|Any CPU.ActiveCfg = Release|Any CPU
		{9DED777D-715A-4A66-86C1-08D9B3F0B25A}.Release|Any CPU.Build.0 = Release|Any CPU
		{CFD62440-D607-4C9C-8F0D-E291CC486FFF}.Debug|Any CPU.ActiveCfg = Debug|Any CPU
		{CFD62440-D607-4C9C-8F0D-E291CC486FFF}.Debug|Any CPU.Build.0 = Debug|Any CPU
		{CFD62440-D607-4C9C-8F0D-E291CC486FFF}.Release|Any CPU.ActiveCfg = Release|Any CPU
		{CFD62440-D607-4C9C-8F0D-E291CC486FFF}.Release|Any CPU.Build.0 = Release|Any CPU
		{5AB31A19-D078-4E0A-BF9F-02ED1085D2E1}.Debug|Any CPU.ActiveCfg = Debug|Any CPU
		{5AB31A19-D078-4E0A-BF9F-02ED1085D2E1}.Debug|Any CPU.Build.0 = Debug|Any CPU
		{5AB31A19-D078-4E0A-BF9F-02ED1085D2E1}.Release|Any CPU.ActiveCfg = Release|Any CPU
		{5AB31A19-D078-4E0A-BF9F-02ED1085D2E1}.Release|Any CPU.Build.0 = Release|Any CPU
	EndGlobalSection
	GlobalSection(SolutionProperties) = preSolution
		HideSolutionNode = FALSE
	EndGlobalSection
EndGlobal
